// !$*UTF8*$!
{
	archiveVersion = 1;
	classes = {
	};
	objectVersion = 56;
	objects = {

/* Begin PBXBuildFile section */
		740160CE295C2EB500F9D590 /* Service.swift in Sources */ = {isa = PBXBuildFile; fileRef = 740160CD295C2EB500F9D590 /* Service.swift */; };
		740160D0295C32AD00F9D590 /* Episodes.swift in Sources */ = {isa = PBXBuildFile; fileRef = 740160CF295C32AD00F9D590 /* Episodes.swift */; };
		745DCE95295B6D2F00C020E4 /* AppDelegate.swift in Sources */ = {isa = PBXBuildFile; fileRef = 745DCE94295B6D2F00C020E4 /* AppDelegate.swift */; };
		745DCE97295B6D2F00C020E4 /* SceneDelegate.swift in Sources */ = {isa = PBXBuildFile; fileRef = 745DCE96295B6D2F00C020E4 /* SceneDelegate.swift */; };
		745DCE99295B6D2F00C020E4 /* CharacterVC.swift in Sources */ = {isa = PBXBuildFile; fileRef = 745DCE98295B6D2F00C020E4 /* CharacterVC.swift */; };
		745DCE9C295B6D2F00C020E4 /* Main.storyboard in Resources */ = {isa = PBXBuildFile; fileRef = 745DCE9A295B6D2F00C020E4 /* Main.storyboard */; };
		745DCE9E295B6D3000C020E4 /* Assets.xcassets in Resources */ = {isa = PBXBuildFile; fileRef = 745DCE9D295B6D3000C020E4 /* Assets.xcassets */; };
		745DCEA1295B6D3000C020E4 /* LaunchScreen.storyboard in Resources */ = {isa = PBXBuildFile; fileRef = 745DCE9F295B6D3000C020E4 /* LaunchScreen.storyboard */; };
		745DCEAB295B730200C020E4 /* Characters.swift in Sources */ = {isa = PBXBuildFile; fileRef = 745DCEAA295B730200C020E4 /* Characters.swift */; };
		745DCEAE295B7C2800C020E4 /* PlanetsVC.swift in Sources */ = {isa = PBXBuildFile; fileRef = 745DCEAD295B7C2800C020E4 /* PlanetsVC.swift */; };
		745DCEB0295B7C3A00C020E4 /* EpisodesVC.swift in Sources */ = {isa = PBXBuildFile; fileRef = 745DCEAF295B7C3A00C020E4 /* EpisodesVC.swift */; };
		745DCEB5295B7EFF00C020E4 /* EpisodeCellController.swift in Sources */ = {isa = PBXBuildFile; fileRef = 745DCEB3295B7EFF00C020E4 /* EpisodeCellController.swift */; };
		745DCEB6295B7EFF00C020E4 /* EpisodeCell.xib in Resources */ = {isa = PBXBuildFile; fileRef = 745DCEB4295B7EFF00C020E4 /* EpisodeCell.xib */; };
		74B54C2C295CED7000928B56 /* Planets.swift in Sources */ = {isa = PBXBuildFile; fileRef = 74B54C2B295CED7000928B56 /* Planets.swift */; };
		74D5112E295E109C0033CA9A /* EndPoints.swift in Sources */ = {isa = PBXBuildFile; fileRef = 74D5112D295E109C0033CA9A /* EndPoints.swift */; };
		74D51130295E1B190033CA9A /* StringExtensions.swift in Sources */ = {isa = PBXBuildFile; fileRef = 74D5112F295E1B190033CA9A /* StringExtensions.swift */; };
		74FF0565295C3B170011378E /* UIImageExtension.swift in Sources */ = {isa = PBXBuildFile; fileRef = 74FF0564295C3B170011378E /* UIImageExtension.swift */; };
		74FF0572295C63CC0011378E /* CharacterCell.xib in Resources */ = {isa = PBXBuildFile; fileRef = 74FF0571295C63CC0011378E /* CharacterCell.xib */; };
		74FF0574295C6F630011378E /* CharactersCellController.swift in Sources */ = {isa = PBXBuildFile; fileRef = 74FF0573295C6F630011378E /* CharactersCellController.swift */; };
/* End PBXBuildFile section */

/* Begin PBXFileReference section */
		740160CD295C2EB500F9D590 /* Service.swift */ = {isa = PBXFileReference; lastKnownFileType = sourcecode.swift; path = Service.swift; sourceTree = "<group>"; };
		740160CF295C32AD00F9D590 /* Episodes.swift */ = {isa = PBXFileReference; lastKnownFileType = sourcecode.swift; path = Episodes.swift; sourceTree = "<group>"; };
		745DCE91295B6D2F00C020E4 /* RickAndMorty.app */ = {isa = PBXFileReference; explicitFileType = wrapper.application; includeInIndex = 0; path = RickAndMorty.app; sourceTree = BUILT_PRODUCTS_DIR; };
		745DCE94295B6D2F00C020E4 /* AppDelegate.swift */ = {isa = PBXFileReference; lastKnownFileType = sourcecode.swift; path = AppDelegate.swift; sourceTree = "<group>"; };
		745DCE96295B6D2F00C020E4 /* SceneDelegate.swift */ = {isa = PBXFileReference; lastKnownFileType = sourcecode.swift; path = SceneDelegate.swift; sourceTree = "<group>"; };
		745DCE98295B6D2F00C020E4 /* CharacterVC.swift */ = {isa = PBXFileReference; lastKnownFileType = sourcecode.swift; path = CharacterVC.swift; sourceTree = "<group>"; };
		745DCE9B295B6D2F00C020E4 /* Base */ = {isa = PBXFileReference; lastKnownFileType = file.storyboard; name = Base; path = Base.lproj/Main.storyboard; sourceTree = "<group>"; };
		745DCE9D295B6D3000C020E4 /* Assets.xcassets */ = {isa = PBXFileReference; lastKnownFileType = folder.assetcatalog; path = Assets.xcassets; sourceTree = "<group>"; };
		745DCEA0295B6D3000C020E4 /* Base */ = {isa = PBXFileReference; lastKnownFileType = file.storyboard; name = Base; path = Base.lproj/LaunchScreen.storyboard; sourceTree = "<group>"; };
		745DCEA2295B6D3000C020E4 /* Info.plist */ = {isa = PBXFileReference; lastKnownFileType = text.plist.xml; path = Info.plist; sourceTree = "<group>"; };
		745DCEAA295B730200C020E4 /* Characters.swift */ = {isa = PBXFileReference; lastKnownFileType = sourcecode.swift; path = Characters.swift; sourceTree = "<group>"; };
		745DCEAD295B7C2800C020E4 /* PlanetsVC.swift */ = {isa = PBXFileReference; lastKnownFileType = sourcecode.swift; path = PlanetsVC.swift; sourceTree = "<group>"; };
		745DCEAF295B7C3A00C020E4 /* EpisodesVC.swift */ = {isa = PBXFileReference; lastKnownFileType = sourcecode.swift; path = EpisodesVC.swift; sourceTree = "<group>"; };
		745DCEB3295B7EFF00C020E4 /* EpisodeCellController.swift */ = {isa = PBXFileReference; lastKnownFileType = sourcecode.swift; path = EpisodeCellController.swift; sourceTree = "<group>"; };
		745DCEB4295B7EFF00C020E4 /* EpisodeCell.xib */ = {isa = PBXFileReference; lastKnownFileType = file.xib; path = EpisodeCell.xib; sourceTree = "<group>"; };
		74B54C2B295CED7000928B56 /* Planets.swift */ = {isa = PBXFileReference; lastKnownFileType = sourcecode.swift; path = Planets.swift; sourceTree = "<group>"; };
		74D5112D295E109C0033CA9A /* EndPoints.swift */ = {isa = PBXFileReference; lastKnownFileType = sourcecode.swift; path = EndPoints.swift; sourceTree = "<group>"; };
		74D5112F295E1B190033CA9A /* StringExtensions.swift */ = {isa = PBXFileReference; lastKnownFileType = sourcecode.swift; path = StringExtensions.swift; sourceTree = "<group>"; };
		74FF0564295C3B170011378E /* UIImageExtension.swift */ = {isa = PBXFileReference; lastKnownFileType = sourcecode.swift; path = UIImageExtension.swift; sourceTree = "<group>"; };
		74FF0571295C63CC0011378E /* CharacterCell.xib */ = {isa = PBXFileReference; lastKnownFileType = file.xib; path = CharacterCell.xib; sourceTree = "<group>"; };
		74FF0573295C6F630011378E /* CharactersCellController.swift */ = {isa = PBXFileReference; lastKnownFileType = sourcecode.swift; path = CharactersCellController.swift; sourceTree = "<group>"; };
/* End PBXFileReference section */

/* Begin PBXFrameworksBuildPhase section */
		745DCE8E295B6D2F00C020E4 /* Frameworks */ = {
			isa = PBXFrameworksBuildPhase;
			buildActionMask = 2147483647;
			files = (
			);
			runOnlyForDeploymentPostprocessing = 0;
		};
/* End PBXFrameworksBuildPhase section */

/* Begin PBXGroup section */
		740160CC295B89EC00F9D590 /* Service */ = {
			isa = PBXGroup;
			children = (
				740160CD295C2EB500F9D590 /* Service.swift */,
				74D5112D295E109C0033CA9A /* EndPoints.swift */,
			);
			path = Service;
			sourceTree = "<group>";
		};
		745DCE88295B6D2F00C020E4 = {
			isa = PBXGroup;
			children = (
				745DCE93295B6D2F00C020E4 /* RickAndMorty */,
				745DCE92295B6D2F00C020E4 /* Products */,
			);
			sourceTree = "<group>";
		};
		745DCE92295B6D2F00C020E4 /* Products */ = {
			isa = PBXGroup;
			children = (
				745DCE91295B6D2F00C020E4 /* RickAndMorty.app */,
			);
			name = Products;
			sourceTree = "<group>";
		};
		745DCE93295B6D2F00C020E4 /* RickAndMorty */ = {
			isa = PBXGroup;
			children = (
				74FF0563295C3B090011378E /* Helpers */,
				740160CC295B89EC00F9D590 /* Service */,
				745DCEA8295B72E700C020E4 /* Model */,
				745DCEA9295B72EC00C020E4 /* Views */,
				745DCEAC295B745600C020E4 /* Controller */,
				745DCE94295B6D2F00C020E4 /* AppDelegate.swift */,
				745DCE96295B6D2F00C020E4 /* SceneDelegate.swift */,
				745DCE9D295B6D3000C020E4 /* Assets.xcassets */,
				745DCE9F295B6D3000C020E4 /* LaunchScreen.storyboard */,
				745DCEA2295B6D3000C020E4 /* Info.plist */,
			);
			path = RickAndMorty;
			sourceTree = "<group>";
		};
		745DCEA8295B72E700C020E4 /* Model */ = {
			isa = PBXGroup;
			children = (
				745DCEAA295B730200C020E4 /* Characters.swift */,
				740160CF295C32AD00F9D590 /* Episodes.swift */,
				74B54C2B295CED7000928B56 /* Planets.swift */,
			);
			path = Model;
			sourceTree = "<group>";
		};
		745DCEA9295B72EC00C020E4 /* Views */ = {
			isa = PBXGroup;
			children = (
				745DCE9A295B6D2F00C020E4 /* Main.storyboard */,
				745DCEB4295B7EFF00C020E4 /* EpisodeCell.xib */,
				74FF0571295C63CC0011378E /* CharacterCell.xib */,
			);
			path = Views;
			sourceTree = "<group>";
		};
		745DCEAC295B745600C020E4 /* Controller */ = {
			isa = PBXGroup;
			children = (
				74A802D6295E239900CA613A /* Planets */,
				74FF0570295C63AA0011378E /* Characters */,
				745DCEB7295B851E00C020E4 /* Episodes */,
			);
			path = Controller;
			sourceTree = "<group>";
		};
		745DCEB7295B851E00C020E4 /* Episodes */ = {
			isa = PBXGroup;
			children = (
				745DCEB3295B7EFF00C020E4 /* EpisodeCellController.swift */,
				745DCEAF295B7C3A00C020E4 /* EpisodesVC.swift */,
			);
			path = Episodes;
			sourceTree = "<group>";
		};
		74A802D6295E239900CA613A /* Planets */ = {
			isa = PBXGroup;
			children = (
				745DCEAD295B7C2800C020E4 /* PlanetsVC.swift */,
			);
			path = Planets;
			sourceTree = "<group>";
		};
		74FF0563295C3B090011378E /* Helpers */ = {
			isa = PBXGroup;
			children = (
				74FF0564295C3B170011378E /* UIImageExtension.swift */,
				74D5112F295E1B190033CA9A /* StringExtensions.swift */,
			);
			path = Helpers;
			sourceTree = "<group>";
		};
		74FF0570295C63AA0011378E /* Characters */ = {
			isa = PBXGroup;
			children = (
				745DCE98295B6D2F00C020E4 /* CharacterVC.swift */,
				74FF0573295C6F630011378E /* CharactersCellController.swift */,
			);
			path = Characters;
			sourceTree = "<group>";
		};
/* End PBXGroup section */

/* Begin PBXNativeTarget section */
		745DCE90295B6D2F00C020E4 /* RickAndMorty */ = {
			isa = PBXNativeTarget;
			buildConfigurationList = 745DCEA5295B6D3000C020E4 /* Build configuration list for PBXNativeTarget "RickAndMorty" */;
			buildPhases = (
				745DCE8D295B6D2F00C020E4 /* Sources */,
				745DCE8E295B6D2F00C020E4 /* Frameworks */,
				745DCE8F295B6D2F00C020E4 /* Resources */,
			);
			buildRules = (
			);
			dependencies = (
			);
			name = RickAndMorty;
			productName = RickAndMorty;
			productReference = 745DCE91295B6D2F00C020E4 /* RickAndMorty.app */;
			productType = "com.apple.product-type.application";
		};
/* End PBXNativeTarget section */

/* Begin PBXProject section */
		745DCE89295B6D2F00C020E4 /* Project object */ = {
			isa = PBXProject;
			attributes = {
				BuildIndependentTargetsInParallel = 1;
				LastSwiftUpdateCheck = 1420;
				LastUpgradeCheck = 1420;
				TargetAttributes = {
					745DCE90295B6D2F00C020E4 = {
						CreatedOnToolsVersion = 14.2;
					};
				};
			};
			buildConfigurationList = 745DCE8C295B6D2F00C020E4 /* Build configuration list for PBXProject "RickAndMorty" */;
			compatibilityVersion = "Xcode 14.0";
			developmentRegion = en;
			hasScannedForEncodings = 0;
			knownRegions = (
				en,
				Base,
			);
			mainGroup = 745DCE88295B6D2F00C020E4;
			productRefGroup = 745DCE92295B6D2F00C020E4 /* Products */;
			projectDirPath = "";
			projectRoot = "";
			targets = (
				745DCE90295B6D2F00C020E4 /* RickAndMorty */,
			);
		};
/* End PBXProject section */

/* Begin PBXResourcesBuildPhase section */
		745DCE8F295B6D2F00C020E4 /* Resources */ = {
			isa = PBXResourcesBuildPhase;
			buildActionMask = 2147483647;
			files = (
				745DCEA1295B6D3000C020E4 /* LaunchScreen.storyboard in Resources */,
				745DCEB6295B7EFF00C020E4 /* EpisodeCell.xib in Resources */,
				74FF0572295C63CC0011378E /* CharacterCell.xib in Resources */,
				745DCE9E295B6D3000C020E4 /* Assets.xcassets in Resources */,
				745DCE9C295B6D2F00C020E4 /* Main.storyboard in Resources */,
			);
			runOnlyForDeploymentPostprocessing = 0;
		};
/* End PBXResourcesBuildPhase section */

/* Begin PBXSourcesBuildPhase section */
		745DCE8D295B6D2F00C020E4 /* Sources */ = {
			isa = PBXSourcesBuildPhase;
			buildActionMask = 2147483647;
			files = (
				745DCEB0295B7C3A00C020E4 /* EpisodesVC.swift in Sources */,
				740160CE295C2EB500F9D590 /* Service.swift in Sources */,
				74FF0574295C6F630011378E /* CharactersCellController.swift in Sources */,
				745DCE99295B6D2F00C020E4 /* CharacterVC.swift in Sources */,
				74D5112E295E109C0033CA9A /* EndPoints.swift in Sources */,
				74FF0565295C3B170011378E /* UIImageExtension.swift in Sources */,
				740160D0295C32AD00F9D590 /* Episodes.swift in Sources */,
				745DCE95295B6D2F00C020E4 /* AppDelegate.swift in Sources */,
				745DCEAE295B7C2800C020E4 /* PlanetsVC.swift in Sources */,
				745DCE97295B6D2F00C020E4 /* SceneDelegate.swift in Sources */,
				74D51130295E1B190033CA9A /* StringExtensions.swift in Sources */,
				745DCEB5295B7EFF00C020E4 /* EpisodeCellController.swift in Sources */,
				745DCEAB295B730200C020E4 /* Characters.swift in Sources */,
				74B54C2C295CED7000928B56 /* Planets.swift in Sources */,
			);
			runOnlyForDeploymentPostprocessing = 0;
		};
/* End PBXSourcesBuildPhase section */

/* Begin PBXVariantGroup section */
		745DCE9A295B6D2F00C020E4 /* Main.storyboard */ = {
			isa = PBXVariantGroup;
			children = (
				745DCE9B295B6D2F00C020E4 /* Base */,
			);
			name = Main.storyboard;
			sourceTree = "<group>";
		};
		745DCE9F295B6D3000C020E4 /* LaunchScreen.storyboard */ = {
			isa = PBXVariantGroup;
			children = (
				745DCEA0295B6D3000C020E4 /* Base */,
			);
			name = LaunchScreen.storyboard;
			sourceTree = "<group>";
		};
/* End PBXVariantGroup section */

/* Begin XCBuildConfiguration section */
		745DCEA3295B6D3000C020E4 /* Debug */ = {
			isa = XCBuildConfiguration;
			buildSettings = {
				ALWAYS_SEARCH_USER_PATHS = NO;
				CLANG_ANALYZER_NONNULL = YES;
				CLANG_ANALYZER_NUMBER_OBJECT_CONVERSION = YES_AGGRESSIVE;
				CLANG_CXX_LANGUAGE_STANDARD = "gnu++20";
				CLANG_ENABLE_MODULES = YES;
				CLANG_ENABLE_OBJC_ARC = YES;
				CLANG_ENABLE_OBJC_WEAK = YES;
				CLANG_WARN_BLOCK_CAPTURE_AUTORELEASING = YES;
				CLANG_WARN_BOOL_CONVERSION = YES;
				CLANG_WARN_COMMA = YES;
				CLANG_WARN_CONSTANT_CONVERSION = YES;
				CLANG_WARN_DEPRECATED_OBJC_IMPLEMENTATIONS = YES;
				CLANG_WARN_DIRECT_OBJC_ISA_USAGE = YES_ERROR;
				CLANG_WARN_DOCUMENTATION_COMMENTS = YES;
				CLANG_WARN_EMPTY_BODY = YES;
				CLANG_WARN_ENUM_CONVERSION = YES;
				CLANG_WARN_INFINITE_RECURSION = YES;
				CLANG_WARN_INT_CONVERSION = YES;
				CLANG_WARN_NON_LITERAL_NULL_CONVERSION = YES;
				CLANG_WARN_OBJC_IMPLICIT_RETAIN_SELF = YES;
				CLANG_WARN_OBJC_LITERAL_CONVERSION = YES;
				CLANG_WARN_OBJC_ROOT_CLASS = YES_ERROR;
				CLANG_WARN_QUOTED_INCLUDE_IN_FRAMEWORK_HEADER = YES;
				CLANG_WARN_RANGE_LOOP_ANALYSIS = YES;
				CLANG_WARN_STRICT_PROTOTYPES = YES;
				CLANG_WARN_SUSPICIOUS_MOVE = YES;
				CLANG_WARN_UNGUARDED_AVAILABILITY = YES_AGGRESSIVE;
				CLANG_WARN_UNREACHABLE_CODE = YES;
				CLANG_WARN__DUPLICATE_METHOD_MATCH = YES;
				COPY_PHASE_STRIP = NO;
				DEBUG_INFORMATION_FORMAT = dwarf;
				ENABLE_STRICT_OBJC_MSGSEND = YES;
				ENABLE_TESTABILITY = YES;
				GCC_C_LANGUAGE_STANDARD = gnu11;
				GCC_DYNAMIC_NO_PIC = NO;
				GCC_NO_COMMON_BLOCKS = YES;
				GCC_OPTIMIZATION_LEVEL = 0;
				GCC_PREPROCESSOR_DEFINITIONS = (
					"DEBUG=1",
					"$(inherited)",
				);
				GCC_WARN_64_TO_32_BIT_CONVERSION = YES;
				GCC_WARN_ABOUT_RETURN_TYPE = YES_ERROR;
				GCC_WARN_UNDECLARED_SELECTOR = YES;
				GCC_WARN_UNINITIALIZED_AUTOS = YES_AGGRESSIVE;
				GCC_WARN_UNUSED_FUNCTION = YES;
				GCC_WARN_UNUSED_VARIABLE = YES;
				IPHONEOS_DEPLOYMENT_TARGET = 16.2;
				MTL_ENABLE_DEBUG_INFO = INCLUDE_SOURCE;
				MTL_FAST_MATH = YES;
				ONLY_ACTIVE_ARCH = YES;
				SDKROOT = iphoneos;
				SWIFT_ACTIVE_COMPILATION_CONDITIONS = DEBUG;
				SWIFT_OPTIMIZATION_LEVEL = "-Onone";
			};
			name = Debug;
		};
		745DCEA4295B6D3000C020E4 /* Release */ = {
			isa = XCBuildConfiguration;
			buildSettings = {
				ALWAYS_SEARCH_USER_PATHS = NO;
				CLANG_ANALYZER_NONNULL = YES;
				CLANG_ANALYZER_NUMBER_OBJECT_CONVERSION = YES_AGGRESSIVE;
				CLANG_CXX_LANGUAGE_STANDARD = "gnu++20";
				CLANG_ENABLE_MODULES = YES;
				CLANG_ENABLE_OBJC_ARC = YES;
				CLANG_ENABLE_OBJC_WEAK = YES;
				CLANG_WARN_BLOCK_CAPTURE_AUTORELEASING = YES;
				CLANG_WARN_BOOL_CONVERSION = YES;
				CLANG_WARN_COMMA = YES;
				CLANG_WARN_CONSTANT_CONVERSION = YES;
				CLANG_WARN_DEPRECATED_OBJC_IMPLEMENTATIONS = YES;
				CLANG_WARN_DIRECT_OBJC_ISA_USAGE = YES_ERROR;
				CLANG_WARN_DOCUMENTATION_COMMENTS = YES;
				CLANG_WARN_EMPTY_BODY = YES;
				CLANG_WARN_ENUM_CONVERSION = YES;
				CLANG_WARN_INFINITE_RECURSION = YES;
				CLANG_WARN_INT_CONVERSION = YES;
				CLANG_WARN_NON_LITERAL_NULL_CONVERSION = YES;
				CLANG_WARN_OBJC_IMPLICIT_RETAIN_SELF = YES;
				CLANG_WARN_OBJC_LITERAL_CONVERSION = YES;
				CLANG_WARN_OBJC_ROOT_CLASS = YES_ERROR;
				CLANG_WARN_QUOTED_INCLUDE_IN_FRAMEWORK_HEADER = YES;
				CLANG_WARN_RANGE_LOOP_ANALYSIS = YES;
				CLANG_WARN_STRICT_PROTOTYPES = YES;
				CLANG_WARN_SUSPICIOUS_MOVE = YES;
				CLANG_WARN_UNGUARDED_AVAILABILITY = YES_AGGRESSIVE;
				CLANG_WARN_UNREACHABLE_CODE = YES;
				CLANG_WARN__DUPLICATE_METHOD_MATCH = YES;
				COPY_PHASE_STRIP = NO;
				DEBUG_INFORMATION_FORMAT = "dwarf-with-dsym";
				ENABLE_NS_ASSERTIONS = NO;
				ENABLE_STRICT_OBJC_MSGSEND = YES;
				GCC_C_LANGUAGE_STANDARD = gnu11;
				GCC_NO_COMMON_BLOCKS = YES;
				GCC_WARN_64_TO_32_BIT_CONVERSION = YES;
				GCC_WARN_ABOUT_RETURN_TYPE = YES_ERROR;
				GCC_WARN_UNDECLARED_SELECTOR = YES;
				GCC_WARN_UNINITIALIZED_AUTOS = YES_AGGRESSIVE;
				GCC_WARN_UNUSED_FUNCTION = YES;
				GCC_WARN_UNUSED_VARIABLE = YES;
				IPHONEOS_DEPLOYMENT_TARGET = 16.2;
				MTL_ENABLE_DEBUG_INFO = NO;
				MTL_FAST_MATH = YES;
				SDKROOT = iphoneos;
				SWIFT_COMPILATION_MODE = wholemodule;
				SWIFT_OPTIMIZATION_LEVEL = "-O";
				VALIDATE_PRODUCT = YES;
			};
			name = Release;
		};
		745DCEA6295B6D3000C020E4 /* Debug */ = {
			isa = XCBuildConfiguration;
			buildSettings = {
				ASSETCATALOG_COMPILER_APPICON_NAME = AppIcon;
				ASSETCATALOG_COMPILER_GLOBAL_ACCENT_COLOR_NAME = AccentColor;
				CODE_SIGN_STYLE = Automatic;
				CURRENT_PROJECT_VERSION = 1;
				DEVELOPMENT_TEAM = 3JFC7AD7WA;
				GENERATE_INFOPLIST_FILE = YES;
				INFOPLIST_FILE = RickAndMorty/Info.plist;
				INFOPLIST_KEY_UIApplicationSupportsIndirectInputEvents = YES;
				INFOPLIST_KEY_UILaunchStoryboardName = LaunchScreen;
				INFOPLIST_KEY_UIMainStoryboardFile = Main;
				INFOPLIST_KEY_UISupportedInterfaceOrientations_iPad = "UIInterfaceOrientationPortrait UIInterfaceOrientationPortraitUpsideDown UIInterfaceOrientationLandscapeLeft UIInterfaceOrientationLandscapeRight";
				INFOPLIST_KEY_UISupportedInterfaceOrientations_iPhone = "UIInterfaceOrientationPortrait UIInterfaceOrientationLandscapeLeft UIInterfaceOrientationLandscapeRight";
				LD_RUNPATH_SEARCH_PATHS = (
					"$(inherited)",
					"@executable_path/Frameworks",
				);
				MARKETING_VERSION = 1.0;
				PRODUCT_BUNDLE_IDENTIFIER = comMuhammed.RickAndMorty;
				PRODUCT_NAME = "$(TARGET_NAME)";
				SWIFT_EMIT_LOC_STRINGS = YES;
				SWIFT_VERSION = 5.0;
				TARGETED_DEVICE_FAMILY = "1,2";
			};
			name = Debug;
		};
		745DCEA7295B6D3000C020E4 /* Release */ = {
			isa = XCBuildConfiguration;
			buildSettings = {
				ASSETCATALOG_COMPILER_APPICON_NAME = AppIcon;
				ASSETCATALOG_COMPILER_GLOBAL_ACCENT_COLOR_NAME = AccentColor;
				CODE_SIGN_STYLE = Automatic;
				CURRENT_PROJECT_VERSION = 1;
				DEVELOPMENT_TEAM = 3JFC7AD7WA;
				GENERATE_INFOPLIST_FILE = YES;
				INFOPLIST_FILE = RickAndMorty/Info.plist;
				INFOPLIST_KEY_UIApplicationSupportsIndirectInputEvents = YES;
				INFOPLIST_KEY_UILaunchStoryboardName = LaunchScreen;
				INFOPLIST_KEY_UIMainStoryboardFile = Main;
				INFOPLIST_KEY_UISupportedInterfaceOrientations_iPad = "UIInterfaceOrientationPortrait UIInterfaceOrientationPortraitUpsideDown UIInterfaceOrientationLandscapeLeft UIInterfaceOrientationLandscapeRight";
				INFOPLIST_KEY_UISupportedInterfaceOrientations_iPhone = "UIInterfaceOrientationPortrait UIInterfaceOrientationLandscapeLeft UIInterfaceOrientationLandscapeRight";
				LD_RUNPATH_SEARCH_PATHS = (
					"$(inherited)",
					"@executable_path/Frameworks",
				);
				MARKETING_VERSION = 1.0;
				PRODUCT_BUNDLE_IDENTIFIER = comMuhammed.RickAndMorty;
				PRODUCT_NAME = "$(TARGET_NAME)";
				SWIFT_EMIT_LOC_STRINGS = YES;
				SWIFT_VERSION = 5.0;
				TARGETED_DEVICE_FAMILY = "1,2";
			};
			name = Release;
		};
/* End XCBuildConfiguration section */

/* Begin XCConfigurationList section */
		745DCE8C295B6D2F00C020E4 /* Build configuration list for PBXProject "RickAndMorty" */ = {
			isa = XCConfigurationList;
			buildConfigurations = (
				745DCEA3295B6D3000C020E4 /* Debug */,
				745DCEA4295B6D3000C020E4 /* Release */,
			);
			defaultConfigurationIsVisible = 0;
			defaultConfigurationName = Release;
		};
		745DCEA5295B6D3000C020E4 /* Build configuration list for PBXNativeTarget "RickAndMorty" */ = {
			isa = XCConfigurationList;
			buildConfigurations = (
				745DCEA6295B6D3000C020E4 /* Debug */,
				745DCEA7295B6D3000C020E4 /* Release */,
			);
			defaultConfigurationIsVisible = 0;
			defaultConfigurationName = Release;
		};
/* End XCConfigurationList section */
	};
	rootObject = 745DCE89295B6D2F00C020E4 /* Project object */;
}
